
Microsoft Visual Studio Solution File, Format Version 12.00
# Visual Studio Version 16
VisualStudioVersion = 16.0.31005.135
MinimumVisualStudioVersion = 10.0.40219.1
Project("{888888A0-9F3D-457C-B088-3A5042F75D52}") = "Arrays-Lists", "Arrays-Lists.pyproj", "{66D5BC6D-D3C0-4A3C-8DB2-56B03AF7358D}"
EndProject
Global
	GlobalSection(SolutionConfigurationPlatforms) = preSolution
		Debug|Any CPU = Debug|Any CPU
		Release|Any CPU = Release|Any CPU
	EndGlobalSection
	GlobalSection(ProjectConfigurationPlatforms) = postSolution
		{66D5BC6D-D3C0-4A3C-8DB2-56B03AF7358D}.Debug|Any CPU.ActiveCfg = Debug|Any CPU
		{66D5BC6D-D3C0-4A3C-8DB2-56B03AF7358D}.Release|Any CPU.ActiveCfg = Release|Any CPU
	EndGlobalSection
	GlobalSection(SolutionProperties) = preSolution
		HideSolutionNode = FALSE
	EndGlobalSection
	GlobalSection(ExtensibilityGlobals) = postSolution
		SolutionGuid = {5839B911-A8AC-478B-A4C1-FB766397903A}
	EndGlobalSection
EndGlobal
