
Microsoft Visual Studio Solution File, Format Version 12.00
# Visual Studio Version 16
VisualStudioVersion = 16.0.31005.135
MinimumVisualStudioVersion = 10.0.40219.1
Project("{888888A0-9F3D-457C-B088-3A5042F75D52}") = "Boolean Operators", "Boolean Operators.pyproj", "{D00832FA-7323-484B-BBB3-1301742C3016}"
EndProject
Global
	GlobalSection(SolutionConfigurationPlatforms) = preSolution
		Debug|Any CPU = Debug|Any CPU
		Release|Any CPU = Release|Any CPU
	EndGlobalSection
	GlobalSection(ProjectConfigurationPlatforms) = postSolution
		{D00832FA-7323-484B-BBB3-1301742C3016}.Debug|Any CPU.ActiveCfg = Debug|Any CPU
		{D00832FA-7323-484B-BBB3-1301742C3016}.Release|Any CPU.ActiveCfg = Release|Any CPU
	EndGlobalSection
	GlobalSection(SolutionProperties) = preSolution
		HideSolutionNode = FALSE
	EndGlobalSection
	GlobalSection(ExtensibilityGlobals) = postSolution
		SolutionGuid = {51AF9A85-01E3-4626-8215-B4DC404D373B}
	EndGlobalSection
EndGlobal
